
Microsoft Visual Studio Solution File, Format Version 12.00
# Visual Studio Version 16
VisualStudioVersion = 16.0.30413.136
MinimumVisualStudioVersion = 10.0.40219.1
Project("{FAE04EC0-301F-11D3-BF4B-00C04F79EFBC}") = "22-namespace", "22-namespace\22-namespace.csproj", "{E7D29561-4169-422E-A7EB-017B04DE0FEB}"
EndProject
Global
	GlobalSection(SolutionConfigurationPlatforms) = preSolution
		Debug|Any CPU = Debug|Any CPU
		Release|Any CPU = Release|Any CPU
	EndGlobalSection
	GlobalSection(ProjectConfigurationPlatforms) = postSolution
		{E7D29561-4169-422E-A7EB-017B04DE0FEB}.Debug|Any CPU.ActiveCfg = Debug|Any CPU
		{E7D29561-4169-422E-A7EB-017B04DE0FEB}.Debug|Any CPU.Build.0 = Debug|Any CPU
		{E7D29561-4169-422E-A7EB-017B04DE0FEB}.Release|Any CPU.ActiveCfg = Release|Any CPU
		{E7D29561-4169-422E-A7EB-017B04DE0FEB}.Release|Any CPU.Build.0 = Release|Any CPU
	EndGlobalSection
	GlobalSection(SolutionProperties) = preSolution
		HideSolutionNode = FALSE
	EndGlobalSection
	GlobalSection(ExtensibilityGlobals) = postSolution
		SolutionGuid = {A2D4AEF1-231E-4AEC-8498-ECC5CAB6FA7A}
	EndGlobalSection
EndGlobal
